
Microsoft Visual Studio Solution File, Format Version 12.00
# Visual Studio 15
VisualStudioVersion = 15.0.28307.757
MinimumVisualStudioVersion = 10.0.40219.1
Project("{FAE04EC0-301F-11D3-BF4B-00C04F79EFBC}") = "ASLogger", "ASLogger\ASLogger.csproj", "{F6633848-789F-451A-AF11-AF29EA189443}"
EndProject
Global
	GlobalSection(SolutionConfigurationPlatforms) = preSolution
		Debug|Any CPU = Debug|Any CPU
		Release|Any CPU = Release|Any CPU
	EndGlobalSection
	GlobalSection(ProjectConfigurationPlatforms) = postSolution
		{F6633848-789F-451A-AF11-AF29EA189443}.Debug|Any CPU.ActiveCfg = Debug|Any CPU
		{F6633848-789F-451A-AF11-AF29EA189443}.Debug|Any CPU.Build.0 = Debug|Any CPU
		{F6633848-789F-451A-AF11-AF29EA189443}.Release|Any CPU.ActiveCfg = Release|Any CPU
		{F6633848-789F-451A-AF11-AF29EA189443}.Release|Any CPU.Build.0 = Release|Any CPU
	EndGlobalSection
	GlobalSection(SolutionProperties) = preSolution
		HideSolutionNode = FALSE
	EndGlobalSection
	GlobalSection(ExtensibilityGlobals) = postSolution
		SolutionGuid = {BF2DD80F-03A9-44DD-A579-381F4080440E}
	EndGlobalSection
EndGlobal
